// !$*UTF8*$!
{
	archiveVersion = 1;
	classes = {
	};
	objectVersion = 77;
	objects = {

/* Begin PBXBuildFile section */
		992981322D8A3AA000642AAE /* FirebaseAuth in Frameworks */ = {isa = PBXBuildFile; productRef = 992981312D8A3AA000642AAE /* FirebaseAuth */; };
		992981342D8A3AA000642AAE /* FirebaseCore in Frameworks */ = {isa = PBXBuildFile; productRef = 992981332D8A3AA000642AAE /* FirebaseCore */; };
		992981362D8A3AA000642AAE /* FirebaseFirestore in Frameworks */ = {isa = PBXBuildFile; productRef = 992981352D8A3AA000642AAE /* FirebaseFirestore */; };
		992981382D8A3AA000642AAE /* FirebaseStorage in Frameworks */ = {isa = PBXBuildFile; productRef = 992981372D8A3AA000642AAE /* FirebaseStorage */; };
		995FF6882D97FC1B007E0D78 /* SlidingTabView in Frameworks */ = {isa = PBXBuildFile; productRef = 995FF6872D97FC1B007E0D78 /* SlidingTabView */; };
		9979F6C82D88F10C00A263C0 /* BottomSheet in Frameworks */ = {isa = PBXBuildFile; productRef = 9979F6C72D88F10C00A263C0 /* BottomSheet */; };
/* End PBXBuildFile section */

/* Begin PBXContainerItemProxy section */
		99665C152D347E0E00FCF579 /* PBXContainerItemProxy */ = {
			isa = PBXContainerItemProxy;
			containerPortal = 99665BFC2D347E0A00FCF579 /* Project object */;
			proxyType = 1;
			remoteGlobalIDString = 99665C032D347E0A00FCF579;
			remoteInfo = "Vision-Farming";
		};
		99665C1F2D347E0E00FCF579 /* PBXContainerItemProxy */ = {
			isa = PBXContainerItemProxy;
			containerPortal = 99665BFC2D347E0A00FCF579 /* Project object */;
			proxyType = 1;
			remoteGlobalIDString = 99665C032D347E0A00FCF579;
			remoteInfo = "Vision-Farming";
		};
/* End PBXContainerItemProxy section */

/* Begin PBXFileReference section */
		99665C042D347E0A00FCF579 /* Vision-Farming.app */ = {isa = PBXFileReference; explicitFileType = wrapper.application; includeInIndex = 0; path = "Vision-Farming.app"; sourceTree = BUILT_PRODUCTS_DIR; };
		99665C142D347E0E00FCF579 /* Vision-FarmingTests.xctest */ = {isa = PBXFileReference; explicitFileType = wrapper.cfbundle; includeInIndex = 0; path = "Vision-FarmingTests.xctest"; sourceTree = BUILT_PRODUCTS_DIR; };
		99665C1E2D347E0E00FCF579 /* Vision-FarmingUITests.xctest */ = {isa = PBXFileReference; explicitFileType = wrapper.cfbundle; includeInIndex = 0; path = "Vision-FarmingUITests.xctest"; sourceTree = BUILT_PRODUCTS_DIR; };
/* End PBXFileReference section */

/* Begin PBXFileSystemSynchronizedBuildFileExceptionSet section */
		998824D72D8199FD00BBC924 /* Exceptions for "Vision-Farming" folder in "Vision-Farming" target */ = {
			isa = PBXFileSystemSynchronizedBuildFileExceptionSet;
			membershipExceptions = (
				Info.plist,
			);
			target = 99665C032D347E0A00FCF579 /* Vision-Farming */;
		};
/* End PBXFileSystemSynchronizedBuildFileExceptionSet section */

/* Begin PBXFileSystemSynchronizedRootGroup section */
		99665C062D347E0A00FCF579 /* Vision-Farming */ = {
			isa = PBXFileSystemSynchronizedRootGroup;
			exceptions = (
				998824D72D8199FD00BBC924 /* Exceptions for "Vision-Farming" folder in "Vision-Farming" target */,
			);
			path = "Vision-Farming";
			sourceTree = "<group>";
		};
		99665C172D347E0E00FCF579 /* Vision-FarmingTests */ = {
			isa = PBXFileSystemSynchronizedRootGroup;
			path = "Vision-FarmingTests";
			sourceTree = "<group>";
		};
		99665C212D347E0E00FCF579 /* Vision-FarmingUITests */ = {
			isa = PBXFileSystemSynchronizedRootGroup;
			path = "Vision-FarmingUITests";
			sourceTree = "<group>";
		};
/* End PBXFileSystemSynchronizedRootGroup section */

/* Begin PBXFrameworksBuildPhase section */
		99665C012D347E0A00FCF579 /* Frameworks */ = {
			isa = PBXFrameworksBuildPhase;
			buildActionMask = 2147483647;
			files = (
				995FF6882D97FC1B007E0D78 /* SlidingTabView in Frameworks */,
				9979F6C82D88F10C00A263C0 /* BottomSheet in Frameworks */,
				992981362D8A3AA000642AAE /* FirebaseFirestore in Frameworks */,
				992981342D8A3AA000642AAE /* FirebaseCore in Frameworks */,
				992981382D8A3AA000642AAE /* FirebaseStorage in Frameworks */,
				992981322D8A3AA000642AAE /* FirebaseAuth in Frameworks */,
			);
			runOnlyForDeploymentPostprocessing = 0;
		};
		99665C112D347E0E00FCF579 /* Frameworks */ = {
			isa = PBXFrameworksBuildPhase;
			buildActionMask = 2147483647;
			files = (
			);
			runOnlyForDeploymentPostprocessing = 0;
		};
		99665C1B2D347E0E00FCF579 /* Frameworks */ = {
			isa = PBXFrameworksBuildPhase;
			buildActionMask = 2147483647;
			files = (
			);
			runOnlyForDeploymentPostprocessing = 0;
		};
/* End PBXFrameworksBuildPhase section */

/* Begin PBXGroup section */
		99665BFB2D347E0A00FCF579 = {
			isa = PBXGroup;
			children = (
				99665C062D347E0A00FCF579 /* Vision-Farming */,
				99665C172D347E0E00FCF579 /* Vision-FarmingTests */,
				99665C212D347E0E00FCF579 /* Vision-FarmingUITests */,
				99665C052D347E0A00FCF579 /* Products */,
			);
			sourceTree = "<group>";
		};
		99665C052D347E0A00FCF579 /* Products */ = {
			isa = PBXGroup;
			children = (
				99665C042D347E0A00FCF579 /* Vision-Farming.app */,
				99665C142D347E0E00FCF579 /* Vision-FarmingTests.xctest */,
				99665C1E2D347E0E00FCF579 /* Vision-FarmingUITests.xctest */,
			);
			name = Products;
			sourceTree = "<group>";
		};
/* End PBXGroup section */

/* Begin PBXNativeTarget section */
		99665C032D347E0A00FCF579 /* Vision-Farming */ = {
			isa = PBXNativeTarget;
			buildConfigurationList = 99665C282D347E0E00FCF579 /* Build configuration list for PBXNativeTarget "Vision-Farming" */;
			buildPhases = (
				99665C002D347E0A00FCF579 /* Sources */,
				99665C012D347E0A00FCF579 /* Frameworks */,
				99665C022D347E0A00FCF579 /* Resources */,
			);
			buildRules = (
			);
			dependencies = (
			);
			fileSystemSynchronizedGroups = (
				99665C062D347E0A00FCF579 /* Vision-Farming */,
			);
			name = "Vision-Farming";
			packageProductDependencies = (
				9979F6C72D88F10C00A263C0 /* BottomSheet */,
				992981312D8A3AA000642AAE /* FirebaseAuth */,
				992981332D8A3AA000642AAE /* FirebaseCore */,
				992981352D8A3AA000642AAE /* FirebaseFirestore */,
				992981372D8A3AA000642AAE /* FirebaseStorage */,
				995FF6872D97FC1B007E0D78 /* SlidingTabView */,
			);
			productName = "Vision-Farming";
			productReference = 99665C042D347E0A00FCF579 /* Vision-Farming.app */;
			productType = "com.apple.product-type.application";
		};
		99665C132D347E0E00FCF579 /* Vision-FarmingTests */ = {
			isa = PBXNativeTarget;
			buildConfigurationList = 99665C2B2D347E0E00FCF579 /* Build configuration list for PBXNativeTarget "Vision-FarmingTests" */;
			buildPhases = (
				99665C102D347E0E00FCF579 /* Sources */,
				99665C112D347E0E00FCF579 /* Frameworks */,
				99665C122D347E0E00FCF579 /* Resources */,
			);
			buildRules = (
			);
			dependencies = (
				99665C162D347E0E00FCF579 /* PBXTargetDependency */,
			);
			fileSystemSynchronizedGroups = (
				99665C172D347E0E00FCF579 /* Vision-FarmingTests */,
			);
			name = "Vision-FarmingTests";
			packageProductDependencies = (
			);
			productName = "Vision-FarmingTests";
			productReference = 99665C142D347E0E00FCF579 /* Vision-FarmingTests.xctest */;
			productType = "com.apple.product-type.bundle.unit-test";
		};
		99665C1D2D347E0E00FCF579 /* Vision-FarmingUITests */ = {
			isa = PBXNativeTarget;
			buildConfigurationList = 99665C2E2D347E0E00FCF579 /* Build configuration list for PBXNativeTarget "Vision-FarmingUITests" */;
			buildPhases = (
				99665C1A2D347E0E00FCF579 /* Sources */,
				99665C1B2D347E0E00FCF579 /* Frameworks */,
				99665C1C2D347E0E00FCF579 /* Resources */,
			);
			buildRules = (
			);
			dependencies = (
				99665C202D347E0E00FCF579 /* PBXTargetDependency */,
			);
			fileSystemSynchronizedGroups = (
				99665C212D347E0E00FCF579 /* Vision-FarmingUITests */,
			);
			name = "Vision-FarmingUITests";
			packageProductDependencies = (
			);
			productName = "Vision-FarmingUITests";
			productReference = 99665C1E2D347E0E00FCF579 /* Vision-FarmingUITests.xctest */;
			productType = "com.apple.product-type.bundle.ui-testing";
		};
/* End PBXNativeTarget section */

/* Begin PBXProject section */
		99665BFC2D347E0A00FCF579 /* Project object */ = {
			isa = PBXProject;
			attributes = {
				BuildIndependentTargetsInParallel = 1;
				LastSwiftUpdateCheck = 1620;
				LastUpgradeCheck = 1620;
				TargetAttributes = {
					99665C032D347E0A00FCF579 = {
						CreatedOnToolsVersion = 16.2;
					};
					99665C132D347E0E00FCF579 = {
						CreatedOnToolsVersion = 16.2;
						TestTargetID = 99665C032D347E0A00FCF579;
					};
					99665C1D2D347E0E00FCF579 = {
						CreatedOnToolsVersion = 16.2;
						TestTargetID = 99665C032D347E0A00FCF579;
					};
				};
			};
			buildConfigurationList = 99665BFF2D347E0A00FCF579 /* Build configuration list for PBXProject "Vision-Farming" */;
			developmentRegion = en;
			hasScannedForEncodings = 0;
			knownRegions = (
				en,
				Base,
			);
			mainGroup = 99665BFB2D347E0A00FCF579;
			minimizedProjectReferenceProxies = 1;
			packageReferences = (
				9979F6C62D88F10C00A263C0 /* XCRemoteSwiftPackageReference "BottomSheet" */,
				992981302D8A3AA000642AAE /* XCRemoteSwiftPackageReference "firebase-ios-sdk" */,
				995FF6862D97FC1B007E0D78 /* XCRemoteSwiftPackageReference "SlidingTabView" */,
			);
			preferredProjectObjectVersion = 77;
			productRefGroup = 99665C052D347E0A00FCF579 /* Products */;
			projectDirPath = "";
			projectRoot = "";
			targets = (
				99665C032D347E0A00FCF579 /* Vision-Farming */,
				99665C132D347E0E00FCF579 /* Vision-FarmingTests */,
				99665C1D2D347E0E00FCF579 /* Vision-FarmingUITests */,
			);
		};
/* End PBXProject section */

/* Begin PBXResourcesBuildPhase section */
		99665C022D347E0A00FCF579 /* Resources */ = {
			isa = PBXResourcesBuildPhase;
			buildActionMask = 2147483647;
			files = (
			);
			runOnlyForDeploymentPostprocessing = 0;
		};
		99665C122D347E0E00FCF579 /* Resources */ = {
			isa = PBXResourcesBuildPhase;
			buildActionMask = 2147483647;
			files = (
			);
			runOnlyForDeploymentPostprocessing = 0;
		};
		99665C1C2D347E0E00FCF579 /* Resources */ = {
			isa = PBXResourcesBuildPhase;
			buildActionMask = 2147483647;
			files = (
			);
			runOnlyForDeploymentPostprocessing = 0;
		};
/* End PBXResourcesBuildPhase section */

/* Begin PBXSourcesBuildPhase section */
		99665C002D347E0A00FCF579 /* Sources */ = {
			isa = PBXSourcesBuildPhase;
			buildActionMask = 2147483647;
			files = (
			);
			runOnlyForDeploymentPostprocessing = 0;
		};
		99665C102D347E0E00FCF579 /* Sources */ = {
			isa = PBXSourcesBuildPhase;
			buildActionMask = 2147483647;
			files = (
			);
			runOnlyForDeploymentPostprocessing = 0;
		};
		99665C1A2D347E0E00FCF579 /* Sources */ = {
			isa = PBXSourcesBuildPhase;
			buildActionMask = 2147483647;
			files = (
			);
			runOnlyForDeploymentPostprocessing = 0;
		};
/* End PBXSourcesBuildPhase section */

/* Begin PBXTargetDependency section */
		99665C162D347E0E00FCF579 /* PBXTargetDependency */ = {
			isa = PBXTargetDependency;
			target = 99665C032D347E0A00FCF579 /* Vision-Farming */;
			targetProxy = 99665C152D347E0E00FCF579 /* PBXContainerItemProxy */;
		};
		99665C202D347E0E00FCF579 /* PBXTargetDependency */ = {
			isa = PBXTargetDependency;
			target = 99665C032D347E0A00FCF579 /* Vision-Farming */;
			targetProxy = 99665C1F2D347E0E00FCF579 /* PBXContainerItemProxy */;
		};
/* End PBXTargetDependency section */

/* Begin XCBuildConfiguration section */
		99665C262D347E0E00FCF579 /* Debug */ = {
			isa = XCBuildConfiguration;
			buildSettings = {
				ALWAYS_SEARCH_USER_PATHS = NO;
				ASSETCATALOG_COMPILER_GENERATE_SWIFT_ASSET_SYMBOL_EXTENSIONS = YES;
				CLANG_ANALYZER_NONNULL = YES;
				CLANG_ANALYZER_NUMBER_OBJECT_CONVERSION = YES_AGGRESSIVE;
				CLANG_CXX_LANGUAGE_STANDARD = "gnu++20";
				CLANG_ENABLE_MODULES = YES;
				CLANG_ENABLE_OBJC_ARC = YES;
				CLANG_ENABLE_OBJC_WEAK = YES;
				CLANG_WARN_BLOCK_CAPTURE_AUTORELEASING = YES;
				CLANG_WARN_BOOL_CONVERSION = YES;
				CLANG_WARN_COMMA = YES;
				CLANG_WARN_CONSTANT_CONVERSION = YES;
				CLANG_WARN_DEPRECATED_OBJC_IMPLEMENTATIONS = YES;
				CLANG_WARN_DIRECT_OBJC_ISA_USAGE = YES_ERROR;
				CLANG_WARN_DOCUMENTATION_COMMENTS = YES;
				CLANG_WARN_EMPTY_BODY = YES;
				CLANG_WARN_ENUM_CONVERSION = YES;
				CLANG_WARN_INFINITE_RECURSION = YES;
				CLANG_WARN_INT_CONVERSION = YES;
				CLANG_WARN_NON_LITERAL_NULL_CONVERSION = YES;
				CLANG_WARN_OBJC_IMPLICIT_RETAIN_SELF = YES;
				CLANG_WARN_OBJC_LITERAL_CONVERSION = YES;
				CLANG_WARN_OBJC_ROOT_CLASS = YES_ERROR;
				CLANG_WARN_QUOTED_INCLUDE_IN_FRAMEWORK_HEADER = YES;
				CLANG_WARN_RANGE_LOOP_ANALYSIS = YES;
				CLANG_WARN_STRICT_PROTOTYPES = YES;
				CLANG_WARN_SUSPICIOUS_MOVE = YES;
				CLANG_WARN_UNGUARDED_AVAILABILITY = YES_AGGRESSIVE;
				CLANG_WARN_UNREACHABLE_CODE = YES;
				CLANG_WARN__DUPLICATE_METHOD_MATCH = YES;
				COPY_PHASE_STRIP = NO;
				COREML_CODEGEN_LANGUAGE = Automatic;
				COREML_CODEGEN_SWIFT_GLOBAL_MODULE = YES;
				DEBUG_INFORMATION_FORMAT = dwarf;
				ENABLE_STRICT_OBJC_MSGSEND = YES;
				ENABLE_TESTABILITY = YES;
				ENABLE_USER_SCRIPT_SANDBOXING = YES;
				GCC_C_LANGUAGE_STANDARD = gnu17;
				GCC_DYNAMIC_NO_PIC = NO;
				GCC_NO_COMMON_BLOCKS = YES;
				GCC_OPTIMIZATION_LEVEL = 0;
				GCC_PREPROCESSOR_DEFINITIONS = (
					"DEBUG=1",
					"$(inherited)",
				);
				GCC_WARN_64_TO_32_BIT_CONVERSION = YES;
				GCC_WARN_ABOUT_RETURN_TYPE = YES_ERROR;
				GCC_WARN_UNDECLARED_SELECTOR = YES;
				GCC_WARN_UNINITIALIZED_AUTOS = YES_AGGRESSIVE;
				GCC_WARN_UNUSED_FUNCTION = YES;
				GCC_WARN_UNUSED_VARIABLE = YES;
				IPHONEOS_DEPLOYMENT_TARGET = 18.2;
				LOCALIZATION_PREFERS_STRING_CATALOGS = YES;
				MTL_ENABLE_DEBUG_INFO = INCLUDE_SOURCE;
				MTL_FAST_MATH = YES;
				ONLY_ACTIVE_ARCH = YES;
				SDKROOT = iphoneos;
				SWIFT_ACTIVE_COMPILATION_CONDITIONS = "DEBUG $(inherited)";
				SWIFT_OPTIMIZATION_LEVEL = "-Onone";
				SWIFT_VERSION = "";
			};
			name = Debug;
		};
		99665C272D347E0E00FCF579 /* Release */ = {
			isa = XCBuildConfiguration;
			buildSettings = {
				ALWAYS_SEARCH_USER_PATHS = NO;
				ASSETCATALOG_COMPILER_GENERATE_SWIFT_ASSET_SYMBOL_EXTENSIONS = YES;
				CLANG_ANALYZER_NONNULL = YES;
				CLANG_ANALYZER_NUMBER_OBJECT_CONVERSION = YES_AGGRESSIVE;
				CLANG_CXX_LANGUAGE_STANDARD = "gnu++20";
				CLANG_ENABLE_MODULES = YES;
				CLANG_ENABLE_OBJC_ARC = YES;
				CLANG_ENABLE_OBJC_WEAK = YES;
				CLANG_WARN_BLOCK_CAPTURE_AUTORELEASING = YES;
				CLANG_WARN_BOOL_CONVERSION = YES;
				CLANG_WARN_COMMA = YES;
				CLANG_WARN_CONSTANT_CONVERSION = YES;
				CLANG_WARN_DEPRECATED_OBJC_IMPLEMENTATIONS = YES;
				CLANG_WARN_DIRECT_OBJC_ISA_USAGE = YES_ERROR;
				CLANG_WARN_DOCUMENTATION_COMMENTS = YES;
				CLANG_WARN_EMPTY_BODY = YES;
				CLANG_WARN_ENUM_CONVERSION = YES;
				CLANG_WARN_INFINITE_RECURSION = YES;
				CLANG_WARN_INT_CONVERSION = YES;
				CLANG_WARN_NON_LITERAL_NULL_CONVERSION = YES;
				CLANG_WARN_OBJC_IMPLICIT_RETAIN_SELF = YES;
				CLANG_WARN_OBJC_LITERAL_CONVERSION = YES;
				CLANG_WARN_OBJC_ROOT_CLASS = YES_ERROR;
				CLANG_WARN_QUOTED_INCLUDE_IN_FRAMEWORK_HEADER = YES;
				CLANG_WARN_RANGE_LOOP_ANALYSIS = YES;
				CLANG_WARN_STRICT_PROTOTYPES = YES;
				CLANG_WARN_SUSPICIOUS_MOVE = YES;
				CLANG_WARN_UNGUARDED_AVAILABILITY = YES_AGGRESSIVE;
				CLANG_WARN_UNREACHABLE_CODE = YES;
				CLANG_WARN__DUPLICATE_METHOD_MATCH = YES;
				COPY_PHASE_STRIP = NO;
				COREML_CODEGEN_LANGUAGE = Automatic;
				COREML_CODEGEN_SWIFT_GLOBAL_MODULE = YES;
				DEBUG_INFORMATION_FORMAT = "dwarf-with-dsym";
				ENABLE_NS_ASSERTIONS = NO;
				ENABLE_STRICT_OBJC_MSGSEND = YES;
				ENABLE_USER_SCRIPT_SANDBOXING = YES;
				GCC_C_LANGUAGE_STANDARD = gnu17;
				GCC_NO_COMMON_BLOCKS = YES;
				GCC_WARN_64_TO_32_BIT_CONVERSION = YES;
				GCC_WARN_ABOUT_RETURN_TYPE = YES_ERROR;
				GCC_WARN_UNDECLARED_SELECTOR = YES;
				GCC_WARN_UNINITIALIZED_AUTOS = YES_AGGRESSIVE;
				GCC_WARN_UNUSED_FUNCTION = YES;
				GCC_WARN_UNUSED_VARIABLE = YES;
				IPHONEOS_DEPLOYMENT_TARGET = 18.2;
				LOCALIZATION_PREFERS_STRING_CATALOGS = YES;
				MTL_ENABLE_DEBUG_INFO = NO;
				MTL_FAST_MATH = YES;
				SDKROOT = iphoneos;
				SWIFT_COMPILATION_MODE = wholemodule;
				SWIFT_VERSION = "";
				VALIDATE_PRODUCT = YES;
			};
			name = Release;
		};
		99665C292D347E0E00FCF579 /* Debug */ = {
			isa = XCBuildConfiguration;
			buildSettings = {
				ASSETCATALOG_COMPILER_APPICON_NAME = AppIcon;
				ASSETCATALOG_COMPILER_GLOBAL_ACCENT_COLOR_NAME = AccentColor;
				CODE_SIGN_STYLE = Automatic;
				COREML_CODEGEN_LANGUAGE = Automatic;
				COREML_CODEGEN_SWIFT_GLOBAL_MODULE = YES;
				CURRENT_PROJECT_VERSION = 1;
				DEVELOPMENT_ASSET_PATHS = "\"Vision-Farming/Preview Content\"";
				DEVELOPMENT_TEAM = A5PNFW5LM9;
				ENABLE_PREVIEWS = YES;
				GENERATE_INFOPLIST_FILE = YES;
				INFOPLIST_FILE = "Vision-Farming/Info.plist";
				INFOPLIST_KEY_UIApplicationSceneManifest_Generation = YES;
				INFOPLIST_KEY_UIApplicationSupportsIndirectInputEvents = YES;
				INFOPLIST_KEY_UILaunchScreen_Generation = YES;
				INFOPLIST_KEY_UISupportedInterfaceOrientations_iPad = "UIInterfaceOrientationPortrait UIInterfaceOrientationPortraitUpsideDown UIInterfaceOrientationLandscapeLeft UIInterfaceOrientationLandscapeRight";
				INFOPLIST_KEY_UISupportedInterfaceOrientations_iPhone = "UIInterfaceOrientationPortrait UIInterfaceOrientationLandscapeLeft UIInterfaceOrientationLandscapeRight";
				LD_RUNPATH_SEARCH_PATHS = (
					"$(inherited)",
					"@executable_path/Frameworks",
				);
				MARKETING_VERSION = 1.0;
				PRODUCT_BUNDLE_IDENTIFIER = "com.vision.apple.Vision-Farming";
				PRODUCT_NAME = "$(TARGET_NAME)";
				SWIFT_EMIT_LOC_STRINGS = YES;
				SWIFT_VERSION = 5.0;
				TARGETED_DEVICE_FAMILY = "1,2";
			};
			name = Debug;
		};
		99665C2A2D347E0E00FCF579 /* Release */ = {
			isa = XCBuildConfiguration;
			buildSettings = {
				ASSETCATALOG_COMPILER_APPICON_NAME = AppIcon;
				ASSETCATALOG_COMPILER_GLOBAL_ACCENT_COLOR_NAME = AccentColor;
				CODE_SIGN_STYLE = Automatic;
				COREML_CODEGEN_LANGUAGE = Automatic;
				COREML_CODEGEN_SWIFT_GLOBAL_MODULE = YES;
				CURRENT_PROJECT_VERSION = 1;
				DEVELOPMENT_ASSET_PATHS = "\"Vision-Farming/Preview Content\"";
				DEVELOPMENT_TEAM = A5PNFW5LM9;
				ENABLE_PREVIEWS = YES;
				GENERATE_INFOPLIST_FILE = YES;
				INFOPLIST_FILE = "Vision-Farming/Info.plist";
				INFOPLIST_KEY_UIApplicationSceneManifest_Generation = YES;
				INFOPLIST_KEY_UIApplicationSupportsIndirectInputEvents = YES;
				INFOPLIST_KEY_UILaunchScreen_Generation = YES;
				INFOPLIST_KEY_UISupportedInterfaceOrientations_iPad = "UIInterfaceOrientationPortrait UIInterfaceOrientationPortraitUpsideDown UIInterfaceOrientationLandscapeLeft UIInterfaceOrientationLandscapeRight";
				INFOPLIST_KEY_UISupportedInterfaceOrientations_iPhone = "UIInterfaceOrientationPortrait UIInterfaceOrientationLandscapeLeft UIInterfaceOrientationLandscapeRight";
				LD_RUNPATH_SEARCH_PATHS = (
					"$(inherited)",
					"@executable_path/Frameworks",
				);
				MARKETING_VERSION = 1.0;
				PRODUCT_BUNDLE_IDENTIFIER = "com.vision.apple.Vision-Farming";
				PRODUCT_NAME = "$(TARGET_NAME)";
				SWIFT_EMIT_LOC_STRINGS = YES;
				SWIFT_VERSION = 5.0;
				TARGETED_DEVICE_FAMILY = "1,2";
			};
			name = Release;
		};
		99665C2C2D347E0E00FCF579 /* Debug */ = {
			isa = XCBuildConfiguration;
			buildSettings = {
				BUNDLE_LOADER = "$(TEST_HOST)";
				CODE_SIGN_STYLE = Automatic;
				CURRENT_PROJECT_VERSION = 1;
				DEVELOPMENT_TEAM = A5PNFW5LM9;
				GENERATE_INFOPLIST_FILE = YES;
				IPHONEOS_DEPLOYMENT_TARGET = 18.2;
				MARKETING_VERSION = 1.0;
				PRODUCT_BUNDLE_IDENTIFIER = "com.vision.apple.Vision-FarmingTests";
				PRODUCT_NAME = "$(TARGET_NAME)";
				SWIFT_EMIT_LOC_STRINGS = NO;
				SWIFT_VERSION = 5.0;
				TARGETED_DEVICE_FAMILY = "1,2";
				TEST_HOST = "$(BUILT_PRODUCTS_DIR)/Vision-Farming.app/$(BUNDLE_EXECUTABLE_FOLDER_PATH)/Vision-Farming";
			};
			name = Debug;
		};
		99665C2D2D347E0E00FCF579 /* Release */ = {
			isa = XCBuildConfiguration;
			buildSettings = {
				BUNDLE_LOADER = "$(TEST_HOST)";
				CODE_SIGN_STYLE = Automatic;
				CURRENT_PROJECT_VERSION = 1;
				DEVELOPMENT_TEAM = A5PNFW5LM9;
				GENERATE_INFOPLIST_FILE = YES;
				IPHONEOS_DEPLOYMENT_TARGET = 18.2;
				MARKETING_VERSION = 1.0;
				PRODUCT_BUNDLE_IDENTIFIER = "com.vision.apple.Vision-FarmingTests";
				PRODUCT_NAME = "$(TARGET_NAME)";
				SWIFT_EMIT_LOC_STRINGS = NO;
				SWIFT_VERSION = 5.0;
				TARGETED_DEVICE_FAMILY = "1,2";
				TEST_HOST = "$(BUILT_PRODUCTS_DIR)/Vision-Farming.app/$(BUNDLE_EXECUTABLE_FOLDER_PATH)/Vision-Farming";
			};
			name = Release;
		};
		99665C2F2D347E0E00FCF579 /* Debug */ = {
			isa = XCBuildConfiguration;
			buildSettings = {
				CODE_SIGN_STYLE = Automatic;
				CURRENT_PROJECT_VERSION = 1;
				DEVELOPMENT_TEAM = A5PNFW5LM9;
				GENERATE_INFOPLIST_FILE = YES;
				MARKETING_VERSION = 1.0;
				PRODUCT_BUNDLE_IDENTIFIER = "com.vision.apple.Vision-FarmingUITests";
				PRODUCT_NAME = "$(TARGET_NAME)";
				SWIFT_EMIT_LOC_STRINGS = NO;
				SWIFT_VERSION = 5.0;
				TARGETED_DEVICE_FAMILY = "1,2";
				TEST_TARGET_NAME = "Vision-Farming";
			};
			name = Debug;
		};
		99665C302D347E0E00FCF579 /* Release */ = {
			isa = XCBuildConfiguration;
			buildSettings = {
				CODE_SIGN_STYLE = Automatic;
				CURRENT_PROJECT_VERSION = 1;
				DEVELOPMENT_TEAM = A5PNFW5LM9;
				GENERATE_INFOPLIST_FILE = YES;
				MARKETING_VERSION = 1.0;
				PRODUCT_BUNDLE_IDENTIFIER = "com.vision.apple.Vision-FarmingUITests";
				PRODUCT_NAME = "$(TARGET_NAME)";
				SWIFT_EMIT_LOC_STRINGS = NO;
				SWIFT_VERSION = 5.0;
				TARGETED_DEVICE_FAMILY = "1,2";
				TEST_TARGET_NAME = "Vision-Farming";
			};
			name = Release;
		};
/* End XCBuildConfiguration section */

/* Begin XCConfigurationList section */
		99665BFF2D347E0A00FCF579 /* Build configuration list for PBXProject "Vision-Farming" */ = {
			isa = XCConfigurationList;
			buildConfigurations = (
				99665C262D347E0E00FCF579 /* Debug */,
				99665C272D347E0E00FCF579 /* Release */,
			);
			defaultConfigurationIsVisible = 0;
			defaultConfigurationName = Release;
		};
		99665C282D347E0E00FCF579 /* Build configuration list for PBXNativeTarget "Vision-Farming" */ = {
			isa = XCConfigurationList;
			buildConfigurations = (
				99665C292D347E0E00FCF579 /* Debug */,
				99665C2A2D347E0E00FCF579 /* Release */,
			);
			defaultConfigurationIsVisible = 0;
			defaultConfigurationName = Release;
		};
		99665C2B2D347E0E00FCF579 /* Build configuration list for PBXNativeTarget "Vision-FarmingTests" */ = {
			isa = XCConfigurationList;
			buildConfigurations = (
				99665C2C2D347E0E00FCF579 /* Debug */,
				99665C2D2D347E0E00FCF579 /* Release */,
			);
			defaultConfigurationIsVisible = 0;
			defaultConfigurationName = Release;
		};
		99665C2E2D347E0E00FCF579 /* Build configuration list for PBXNativeTarget "Vision-FarmingUITests" */ = {
			isa = XCConfigurationList;
			buildConfigurations = (
				99665C2F2D347E0E00FCF579 /* Debug */,
				99665C302D347E0E00FCF579 /* Release */,
			);
			defaultConfigurationIsVisible = 0;
			defaultConfigurationName = Release;
		};
/* End XCConfigurationList section */

/* Begin XCRemoteSwiftPackageReference section */
		992981302D8A3AA000642AAE /* XCRemoteSwiftPackageReference "firebase-ios-sdk" */ = {
			isa = XCRemoteSwiftPackageReference;
			repositoryURL = "https://github.com/firebase/firebase-ios-sdk";
			requirement = {
				kind = upToNextMajorVersion;
				minimumVersion = 11.10.0;
			};
		};
		995FF6862D97FC1B007E0D78 /* XCRemoteSwiftPackageReference "SlidingTabView" */ = {
			isa = XCRemoteSwiftPackageReference;
			repositoryURL = "https://github.com/QuynhNguyen/SlidingTabView.git";
			requirement = {
				kind = upToNextMajorVersion;
				minimumVersion = 1.0.2;
			};
		};
		9979F6C62D88F10C00A263C0 /* XCRemoteSwiftPackageReference "BottomSheet" */ = {
			isa = XCRemoteSwiftPackageReference;
			repositoryURL = "https://github.com/lucaszischka/BottomSheet";
			requirement = {
				kind = upToNextMajorVersion;
				minimumVersion = 3.1.1;
			};
		};
/* End XCRemoteSwiftPackageReference section */

/* Begin XCSwiftPackageProductDependency section */
		992981312D8A3AA000642AAE /* FirebaseAuth */ = {
			isa = XCSwiftPackageProductDependency;
			package = 992981302D8A3AA000642AAE /* XCRemoteSwiftPackageReference "firebase-ios-sdk" */;
			productName = FirebaseAuth;
		};
		992981332D8A3AA000642AAE /* FirebaseCore */ = {
			isa = XCSwiftPackageProductDependency;
			package = 992981302D8A3AA000642AAE /* XCRemoteSwiftPackageReference "firebase-ios-sdk" */;
			productName = FirebaseCore;
		};
		992981352D8A3AA000642AAE /* FirebaseFirestore */ = {
			isa = XCSwiftPackageProductDependency;
			package = 992981302D8A3AA000642AAE /* XCRemoteSwiftPackageReference "firebase-ios-sdk" */;
			productName = FirebaseFirestore;
		};
		992981372D8A3AA000642AAE /* FirebaseStorage */ = {
			isa = XCSwiftPackageProductDependency;
			package = 992981302D8A3AA000642AAE /* XCRemoteSwiftPackageReference "firebase-ios-sdk" */;
			productName = FirebaseStorage;
		};
		995FF6872D97FC1B007E0D78 /* SlidingTabView */ = {
			isa = XCSwiftPackageProductDependency;
			package = 995FF6862D97FC1B007E0D78 /* XCRemoteSwiftPackageReference "SlidingTabView" */;
			productName = SlidingTabView;
		};
		9979F6C72D88F10C00A263C0 /* BottomSheet */ = {
			isa = XCSwiftPackageProductDependency;
			package = 9979F6C62D88F10C00A263C0 /* XCRemoteSwiftPackageReference "BottomSheet" */;
			productName = BottomSheet;
		};
/* End XCSwiftPackageProductDependency section */
	};
	rootObject = 99665BFC2D347E0A00FCF579 /* Project object */;
}
